
Microsoft Visual Studio Solution File, Format Version 12.00
# Visual Studio Version 16
VisualStudioVersion = 16.0.29519.87
MinimumVisualStudioVersion = 15.0.26124.0
Project("{9A19103F-16F7-4668-BE54-9A1E7A4F7556}") = "Ivory.TesteEstagio.CampoMinado", "Ivory.TesteEstagio.CampoMinado.csproj", "{813CF713-1249-4CBA-AFF8-1491ED073699}"
EndProject
Global
	GlobalSection(SolutionConfigurationPlatforms) = preSolution
		Debug|Any CPU = Debug|Any CPU
		Debug|x64 = Debug|x64
		Debug|x86 = Debug|x86
		Release|Any CPU = Release|Any CPU
		Release|x64 = Release|x64
		Release|x86 = Release|x86
	EndGlobalSection
	GlobalSection(ProjectConfigurationPlatforms) = postSolution
		{813CF713-1249-4CBA-AFF8-1491ED073699}.Debug|Any CPU.ActiveCfg = Debug|Any CPU
		{813CF713-1249-4CBA-AFF8-1491ED073699}.Debug|Any CPU.Build.0 = Debug|Any CPU
		{813CF713-1249-4CBA-AFF8-1491ED073699}.Debug|x64.ActiveCfg = Debug|Any CPU
		{813CF713-1249-4CBA-AFF8-1491ED073699}.Debug|x64.Build.0 = Debug|Any CPU
		{813CF713-1249-4CBA-AFF8-1491ED073699}.Debug|x86.ActiveCfg = Debug|Any CPU
		{813CF713-1249-4CBA-AFF8-1491ED073699}.Debug|x86.Build.0 = Debug|Any CPU
		{813CF713-1249-4CBA-AFF8-1491ED073699}.Release|Any CPU.ActiveCfg = Release|Any CPU
		{813CF713-1249-4CBA-AFF8-1491ED073699}.Release|Any CPU.Build.0 = Release|Any CPU
		{813CF713-1249-4CBA-AFF8-1491ED073699}.Release|x64.ActiveCfg = Release|Any CPU
		{813CF713-1249-4CBA-AFF8-1491ED073699}.Release|x64.Build.0 = Release|Any CPU
		{813CF713-1249-4CBA-AFF8-1491ED073699}.Release|x86.ActiveCfg = Release|Any CPU
		{813CF713-1249-4CBA-AFF8-1491ED073699}.Release|x86.Build.0 = Release|Any CPU
	EndGlobalSection
	GlobalSection(SolutionProperties) = preSolution
		HideSolutionNode = FALSE
	EndGlobalSection
	GlobalSection(ExtensibilityGlobals) = postSolution
		SolutionGuid = {99054623-7526-4FC3-A0BF-CE73BBE9BC5D}
	EndGlobalSection
EndGlobal
